
Microsoft Visual Studio Solution File, Format Version 12.00
# Visual Studio 15
VisualStudioVersion = 15.0.27703.2018
MinimumVisualStudioVersion = 10.0.40219.1
Project("{FAE04EC0-301F-11D3-BF4B-00C04F79EFBC}") = "ParseSitesForApartments", "ParseSitesForApartments\ParseSitesForApartments.csproj", "{6B3D8E77-6204-401E-BBC2-AE6888A22A36}"
EndProject
Project("{FAE04EC0-301F-11D3-BF4B-00C04F79EFBC}") = "Core", "DataBase\Core.csproj", "{7DCB4432-544C-49A4-879C-7D71B5D7090B}"
EndProject
Project("{FAE04EC0-301F-11D3-BF4B-00C04F79EFBC}") = "ConsoleForParse", "ConsoleForParse\ConsoleForParse.csproj", "{3AE2F64C-0A0B-4506-8169-A8762C4CDDF2}"
EndProject
Project("{FAE04EC0-301F-11D3-BF4B-00C04F79EFBC}") = "CoreUI", "Core.UI\CoreUI.csproj", "{BA87B2E6-EDC2-402C-9C8A-95AF29F396C6}"
EndProject
Global
	GlobalSection(SolutionConfigurationPlatforms) = preSolution
		Debug|Any CPU = Debug|Any CPU
		Release|Any CPU = Release|Any CPU
	EndGlobalSection
	GlobalSection(ProjectConfigurationPlatforms) = postSolution
		{6B3D8E77-6204-401E-BBC2-AE6888A22A36}.Debug|Any CPU.ActiveCfg = Debug|Any CPU
		{6B3D8E77-6204-401E-BBC2-AE6888A22A36}.Debug|Any CPU.Build.0 = Debug|Any CPU
		{6B3D8E77-6204-401E-BBC2-AE6888A22A36}.Release|Any CPU.ActiveCfg = Release|Any CPU
		{6B3D8E77-6204-401E-BBC2-AE6888A22A36}.Release|Any CPU.Build.0 = Release|Any CPU
		{7DCB4432-544C-49A4-879C-7D71B5D7090B}.Debug|Any CPU.ActiveCfg = Debug|Any CPU
		{7DCB4432-544C-49A4-879C-7D71B5D7090B}.Debug|Any CPU.Build.0 = Debug|Any CPU
		{7DCB4432-544C-49A4-879C-7D71B5D7090B}.Release|Any CPU.ActiveCfg = Release|Any CPU
		{7DCB4432-544C-49A4-879C-7D71B5D7090B}.Release|Any CPU.Build.0 = Release|Any CPU
		{3AE2F64C-0A0B-4506-8169-A8762C4CDDF2}.Debug|Any CPU.ActiveCfg = Debug|Any CPU
		{3AE2F64C-0A0B-4506-8169-A8762C4CDDF2}.Debug|Any CPU.Build.0 = Debug|Any CPU
		{3AE2F64C-0A0B-4506-8169-A8762C4CDDF2}.Release|Any CPU.ActiveCfg = Release|Any CPU
		{3AE2F64C-0A0B-4506-8169-A8762C4CDDF2}.Release|Any CPU.Build.0 = Release|Any CPU
		{BA87B2E6-EDC2-402C-9C8A-95AF29F396C6}.Debug|Any CPU.ActiveCfg = Debug|Any CPU
		{BA87B2E6-EDC2-402C-9C8A-95AF29F396C6}.Debug|Any CPU.Build.0 = Debug|Any CPU
		{BA87B2E6-EDC2-402C-9C8A-95AF29F396C6}.Release|Any CPU.ActiveCfg = Release|Any CPU
		{BA87B2E6-EDC2-402C-9C8A-95AF29F396C6}.Release|Any CPU.Build.0 = Release|Any CPU
	EndGlobalSection
	GlobalSection(SolutionProperties) = preSolution
		HideSolutionNode = FALSE
	EndGlobalSection
	GlobalSection(ExtensibilityGlobals) = postSolution
		SolutionGuid = {DD0D1E0A-3D28-4F71-BEB3-4AC69E2DDA17}
	EndGlobalSection
EndGlobal
